
Microsoft Visual Studio Solution File, Format Version 12.00
# Visual Studio Version 17
VisualStudioVersion = 17.0.31903.59
MinimumVisualStudioVersion = 10.0.40219.1
Project("{FAE04EC0-301F-11D3-BF4B-00C04F79EFBC}") = "ManipulaVar", "ManipulaVar\ManipulaVar.csproj", "{AAFCDF9F-B0CA-4725-818C-80615E2E22DD}"
EndProject
Project("{FAE04EC0-301F-11D3-BF4B-00C04F79EFBC}") = "PerguntaValores", "PerguntaValores\PerguntaValores.csproj", "{E90C6793-3443-4C32-ADB1-D39B2938F55B}"
EndProject
Project("{FAE04EC0-301F-11D3-BF4B-00C04F79EFBC}") = "Specials", "Specials\Specials.csproj", "{47396C5B-C1BB-4496-88C8-3E99BDCE28DA}"
EndProject
Project("{FAE04EC0-301F-11D3-BF4B-00C04F79EFBC}") = "GranpaPatternSwitch", "GranpaPatternSwitch\GranpaPatternSwitch.csproj", "{DFB7DC85-BC2A-4069-BA8E-D3F5B1BF2A41}"
EndProject
Project("{FAE04EC0-301F-11D3-BF4B-00C04F79EFBC}") = "ChatGPTGrandfather", "ChatGPTGrandfather\ChatGPTGrandfather.csproj", "{36AFF034-6B5D-42D8-B6C8-796B0DCC989B}"
EndProject
Project("{FAE04EC0-301F-11D3-BF4B-00C04F79EFBC}") = "ChatGPTMother", "ChatGPTMother\ChatGPTMother.csproj", "{93EC0409-9B39-43B8-B07A-2CA38FB48397}"
EndProject
Global
	GlobalSection(SolutionConfigurationPlatforms) = preSolution
		Debug|Any CPU = Debug|Any CPU
		Release|Any CPU = Release|Any CPU
	EndGlobalSection
	GlobalSection(SolutionProperties) = preSolution
		HideSolutionNode = FALSE
	EndGlobalSection
	GlobalSection(ProjectConfigurationPlatforms) = postSolution
		{AAFCDF9F-B0CA-4725-818C-80615E2E22DD}.Debug|Any CPU.ActiveCfg = Debug|Any CPU
		{AAFCDF9F-B0CA-4725-818C-80615E2E22DD}.Debug|Any CPU.Build.0 = Debug|Any CPU
		{AAFCDF9F-B0CA-4725-818C-80615E2E22DD}.Release|Any CPU.ActiveCfg = Release|Any CPU
		{AAFCDF9F-B0CA-4725-818C-80615E2E22DD}.Release|Any CPU.Build.0 = Release|Any CPU
		{E90C6793-3443-4C32-ADB1-D39B2938F55B}.Debug|Any CPU.ActiveCfg = Debug|Any CPU
		{E90C6793-3443-4C32-ADB1-D39B2938F55B}.Debug|Any CPU.Build.0 = Debug|Any CPU
		{E90C6793-3443-4C32-ADB1-D39B2938F55B}.Release|Any CPU.ActiveCfg = Release|Any CPU
		{E90C6793-3443-4C32-ADB1-D39B2938F55B}.Release|Any CPU.Build.0 = Release|Any CPU
		{47396C5B-C1BB-4496-88C8-3E99BDCE28DA}.Debug|Any CPU.ActiveCfg = Debug|Any CPU
		{47396C5B-C1BB-4496-88C8-3E99BDCE28DA}.Debug|Any CPU.Build.0 = Debug|Any CPU
		{47396C5B-C1BB-4496-88C8-3E99BDCE28DA}.Release|Any CPU.ActiveCfg = Release|Any CPU
		{47396C5B-C1BB-4496-88C8-3E99BDCE28DA}.Release|Any CPU.Build.0 = Release|Any CPU
		{DFB7DC85-BC2A-4069-BA8E-D3F5B1BF2A41}.Debug|Any CPU.ActiveCfg = Debug|Any CPU
		{DFB7DC85-BC2A-4069-BA8E-D3F5B1BF2A41}.Debug|Any CPU.Build.0 = Debug|Any CPU
		{DFB7DC85-BC2A-4069-BA8E-D3F5B1BF2A41}.Release|Any CPU.ActiveCfg = Release|Any CPU
		{DFB7DC85-BC2A-4069-BA8E-D3F5B1BF2A41}.Release|Any CPU.Build.0 = Release|Any CPU
		{36AFF034-6B5D-42D8-B6C8-796B0DCC989B}.Debug|Any CPU.ActiveCfg = Debug|Any CPU
		{36AFF034-6B5D-42D8-B6C8-796B0DCC989B}.Debug|Any CPU.Build.0 = Debug|Any CPU
		{36AFF034-6B5D-42D8-B6C8-796B0DCC989B}.Release|Any CPU.ActiveCfg = Release|Any CPU
		{36AFF034-6B5D-42D8-B6C8-796B0DCC989B}.Release|Any CPU.Build.0 = Release|Any CPU
		{93EC0409-9B39-43B8-B07A-2CA38FB48397}.Debug|Any CPU.ActiveCfg = Debug|Any CPU
		{93EC0409-9B39-43B8-B07A-2CA38FB48397}.Debug|Any CPU.Build.0 = Debug|Any CPU
		{93EC0409-9B39-43B8-B07A-2CA38FB48397}.Release|Any CPU.ActiveCfg = Release|Any CPU
		{93EC0409-9B39-43B8-B07A-2CA38FB48397}.Release|Any CPU.Build.0 = Release|Any CPU
	EndGlobalSection
EndGlobal
